Microsoft Visual Studio Solution File, Format Version 12.00
# Visual Studio Version 17
VisualStudioVersion = 17.10.35004.147
MinimumVisualStudioVersion = 10.0.40219.1
Project("{9A19103F-16F7-4668-BE54-9A1E7A4F7556}") = "SteamRoulette.AppHost", "SteamRoulette.AppHost\SteamRoulette.AppHost.csproj", "{DEC26FA1-6B05-4778-A6A6-6CB14766B5AF}"
EndProject
Project("{9A19103F-16F7-4668-BE54-9A1E7A4F7556}") = "SteamRoulette.ServiceDefaults", "SteamRoulette.ServiceDefaults\SteamRoulette.ServiceDefaults.csproj", "{6F7E2A25-28B1-4EA1-AACE-D39D33148AF9}"
EndProject
Project("{9A19103F-16F7-4668-BE54-9A1E7A4F7556}") = "SteamRoulette.Persistence", "SteamRoulette.Persistence\SteamRoulette.Persistence.csproj", "{D0C0E764-24D9-4202-B343-FB67D38C1625}"
EndProject
Project("{9A19103F-16F7-4668-BE54-9A1E7A4F7556}") = "SteamRoulette.Domain", "SteamRoulette.Domain\SteamRoulette.Domain.csproj", "{432BEB56-25B4-442A-9D11-07860EB7765E}"
EndProject
Project("{FAE04EC0-301F-11D3-BF4B-00C04F79EFBC}") = "SteamRoulette.Infrastructure", "SteamRoulette.Infrastructure\SteamRoulette.Infrastructure.csproj", "{415FF456-C401-4280-9ACC-C90188996B6B}"
EndProject
Project("{FAE04EC0-301F-11D3-BF4B-00C04F79EFBC}") = "SteamRoulette.WebApi", "SteamRoulette.WebApi\SteamRoulette.WebApi.csproj", "{F7698B89-976D-48A8-883E-CA440F36F046}"
EndProject
Global
	GlobalSection(SolutionConfigurationPlatforms) = preSolution
		Debug|Any CPU = Debug|Any CPU
		Release|Any CPU = Release|Any CPU
	EndGlobalSection
	GlobalSection(ProjectConfigurationPlatforms) = postSolution
		{DEC26FA1-6B05-4778-A6A6-6CB14766B5AF}.Debug|Any CPU.ActiveCfg = Debug|Any CPU
		{DEC26FA1-6B05-4778-A6A6-6CB14766B5AF}.Debug|Any CPU.Build.0 = Debug|Any CPU
		{DEC26FA1-6B05-4778-A6A6-6CB14766B5AF}.Release|Any CPU.ActiveCfg = Release|Any CPU
		{DEC26FA1-6B05-4778-A6A6-6CB14766B5AF}.Release|Any CPU.Build.0 = Release|Any CPU
		{6F7E2A25-28B1-4EA1-AACE-D39D33148AF9}.Debug|Any CPU.ActiveCfg = Debug|Any CPU
		{6F7E2A25-28B1-4EA1-AACE-D39D33148AF9}.Debug|Any CPU.Build.0 = Debug|Any CPU
		{6F7E2A25-28B1-4EA1-AACE-D39D33148AF9}.Release|Any CPU.ActiveCfg = Release|Any CPU
		{6F7E2A25-28B1-4EA1-AACE-D39D33148AF9}.Release|Any CPU.Build.0 = Release|Any CPU
		{D0C0E764-24D9-4202-B343-FB67D38C1625}.Debug|Any CPU.ActiveCfg = Debug|Any CPU
		{D0C0E764-24D9-4202-B343-FB67D38C1625}.Debug|Any CPU.Build.0 = Debug|Any CPU
		{D0C0E764-24D9-4202-B343-FB67D38C1625}.Release|Any CPU.ActiveCfg = Release|Any CPU
		{D0C0E764-24D9-4202-B343-FB67D38C1625}.Release|Any CPU.Build.0 = Release|Any CPU
		{432BEB56-25B4-442A-9D11-07860EB7765E}.Debug|Any CPU.ActiveCfg = Debug|Any CPU
		{432BEB56-25B4-442A-9D11-07860EB7765E}.Debug|Any CPU.Build.0 = Debug|Any CPU
		{432BEB56-25B4-442A-9D11-07860EB7765E}.Release|Any CPU.ActiveCfg = Release|Any CPU
		{432BEB56-25B4-442A-9D11-07860EB7765E}.Release|Any CPU.Build.0 = Release|Any CPU
		{415FF456-C401-4280-9ACC-C90188996B6B}.Debug|Any CPU.ActiveCfg = Debug|Any CPU
		{415FF456-C401-4280-9ACC-C90188996B6B}.Debug|Any CPU.Build.0 = Debug|Any CPU
		{415FF456-C401-4280-9ACC-C90188996B6B}.Release|Any CPU.ActiveCfg = Release|Any CPU
		{415FF456-C401-4280-9ACC-C90188996B6B}.Release|Any CPU.Build.0 = Release|Any CPU
		{F7698B89-976D-48A8-883E-CA440F36F046}.Debug|Any CPU.ActiveCfg = Debug|Any CPU
		{F7698B89-976D-48A8-883E-CA440F36F046}.Debug|Any CPU.Build.0 = Debug|Any CPU
		{F7698B89-976D-48A8-883E-CA440F36F046}.Release|Any CPU.ActiveCfg = Release|Any CPU
		{F7698B89-976D-48A8-883E-CA440F36F046}.Release|Any CPU.Build.0 = Release|Any CPU
	EndGlobalSection
	GlobalSection(SolutionProperties) = preSolution
		HideSolutionNode = FALSE
	EndGlobalSection
	GlobalSection(ExtensibilityGlobals) = postSolution
		SolutionGuid = {9960FF98-0F73-408C-9D47-B780DDBF513F}
	EndGlobalSection
EndGlobal
